
Microsoft Visual Studio Solution File, Format Version 12.00
# Visual Studio Version 17
VisualStudioVersion = 17.3.32825.248
MinimumVisualStudioVersion = 10.0.40219.1
Project("{FAE04EC0-301F-11D3-BF4B-00C04F79EFBC}") = "Queueomatic.Server", "Queueomatic\Server\Queueomatic.Server.csproj", "{402803C7-BD0D-43C9-9ECA-5439882EAE68}"
EndProject
Project("{FAE04EC0-301F-11D3-BF4B-00C04F79EFBC}") = "Queueomatic.Client", "Queueomatic\Client\Queueomatic.Client.csproj", "{214974F9-AC3D-4B55-81BE-45178B861DBC}"
EndProject
Project("{FAE04EC0-301F-11D3-BF4B-00C04F79EFBC}") = "Queueomatic.Shared", "Queueomatic\Shared\Queueomatic.Shared.csproj", "{14E0DCEC-86B8-436A-BF46-6FB29F5F8B46}"
EndProject
Global
	GlobalSection(SolutionConfigurationPlatforms) = preSolution
		Debug|Any CPU = Debug|Any CPU
		Release|Any CPU = Release|Any CPU
	EndGlobalSection
	GlobalSection(ProjectConfigurationPlatforms) = postSolution
		{402803C7-BD0D-43C9-9ECA-5439882EAE68}.Debug|Any CPU.ActiveCfg = Debug|Any CPU
		{402803C7-BD0D-43C9-9ECA-5439882EAE68}.Debug|Any CPU.Build.0 = Debug|Any CPU
		{402803C7-BD0D-43C9-9ECA-5439882EAE68}.Release|Any CPU.ActiveCfg = Release|Any CPU
		{402803C7-BD0D-43C9-9ECA-5439882EAE68}.Release|Any CPU.Build.0 = Release|Any CPU
		{214974F9-AC3D-4B55-81BE-45178B861DBC}.Debug|Any CPU.ActiveCfg = Debug|Any CPU
		{214974F9-AC3D-4B55-81BE-45178B861DBC}.Debug|Any CPU.Build.0 = Debug|Any CPU
		{214974F9-AC3D-4B55-81BE-45178B861DBC}.Release|Any CPU.ActiveCfg = Release|Any CPU
		{214974F9-AC3D-4B55-81BE-45178B861DBC}.Release|Any CPU.Build.0 = Release|Any CPU
		{14E0DCEC-86B8-436A-BF46-6FB29F5F8B46}.Debug|Any CPU.ActiveCfg = Debug|Any CPU
		{14E0DCEC-86B8-436A-BF46-6FB29F5F8B46}.Debug|Any CPU.Build.0 = Debug|Any CPU
		{14E0DCEC-86B8-436A-BF46-6FB29F5F8B46}.Release|Any CPU.ActiveCfg = Release|Any CPU
		{14E0DCEC-86B8-436A-BF46-6FB29F5F8B46}.Release|Any CPU.Build.0 = Release|Any CPU
	EndGlobalSection
	GlobalSection(SolutionProperties) = preSolution
		HideSolutionNode = FALSE
	EndGlobalSection
	GlobalSection(ExtensibilityGlobals) = postSolution
		SolutionGuid = {3C6C177A-1978-4574-AB1F-E9A8D986C0A0}
	EndGlobalSection
EndGlobal
